{
  "version": 4,
  "terraform_version": "1.10.3",
  "serial": 54,
  "lineage": "c8b9617c-062b-5792-927a-85d2e48b63e2",
  "outputs": {
    "glue_database_name": {
      "value": "dev_youtube_comment",
      "type": "string"
    },
    "glue_table_name": {
      "value": "dev_youtube_comment_analytics",
      "type": "string"
    },
    "lambda_function_arn": {
      "value": "arn:aws:lambda:us-east-1:639269844451:function:dev-youtube-comment-sentiment-analysis",
      "type": "string"
    },
    "s3_bucket_arn": {
      "value": "arn:aws:s3:::dev-youtube-comment-sentiment-analysis",
      "type": "string"
    }
  },
  "resources": [
    {
      "module": "module.glue",
      "mode": "managed",
      "type": "aws_glue_catalog_database",
      "name": "database",
      "provider": "provider[\"registry.terraform.io/hashicorp/aws\"]",
      "instances": [
        {
          "schema_version": 0,
          "attributes": {
            "arn": "arn:aws:glue:us-east-1:639269844451:database/dev_youtube_comment",
            "catalog_id": "639269844451",
            "create_table_default_permission": [
              {
                "permissions": [
                  "ALL"
                ],
                "principal": [
                  {
                    "data_lake_principal_identifier": "IAM_ALLOWED_PRINCIPALS"
                  }
                ]
              }
            ],
            "description": "",
            "federated_database": [],
            "id": "639269844451:dev_youtube_comment",
            "location_uri": "",
            "name": "dev_youtube_comment",
            "parameters": {},
            "tags": {},
            "tags_all": {},
            "target_database": []
          },
          "sensitive_attributes": [],
          "private": "bnVsbA=="
        }
      ]
    },
    {
      "module": "module.glue",
      "mode": "managed",
      "type": "aws_glue_catalog_table",
      "name": "table",
      "provider": "provider[\"registry.terraform.io/hashicorp/aws\"]",
      "instances": [
        {
          "schema_version": 0,
          "attributes": {
            "arn": "arn:aws:glue:us-east-1:639269844451:table/dev_youtube_comment/dev_youtube_comment_analytics",
            "catalog_id": "639269844451",
            "database_name": "dev_youtube_comment",
            "description": "",
            "id": "639269844451:dev_youtube_comment:dev_youtube_comment_analytics",
            "name": "dev_youtube_comment_analytics",
            "open_table_format_input": [],
            "owner": "",
            "parameters": {},
            "partition_index": [],
            "partition_keys": [],
            "retention": 0,
            "storage_descriptor": [
              {
                "additional_locations": [],
                "bucket_columns": [],
                "columns": [
                  {
                    "comment": "",
                    "name": "id",
                    "parameters": {},
                    "type": "string"
                  },
                  {
                    "comment": "",
                    "name": "channel_id",
                    "parameters": {},
                    "type": "string"
                  },
                  {
                    "comment": "",
                    "name": "video_id",
                    "parameters": {},
                    "type": "string"
                  },
                  {
                    "comment": "",
                    "name": "text_display",
                    "parameters": {},
                    "type": "string"
                  },
                  {
                    "comment": "",
                    "name": "text_original",
                    "parameters": {},
                    "type": "string"
                  },
                  {
                    "comment": "",
                    "name": "author_display_name",
                    "parameters": {},
                    "type": "string"
                  },
                  {
                    "comment": "",
                    "name": "author_profile_image_url",
                    "parameters": {},
                    "type": "string"
                  },
                  {
                    "comment": "",
                    "name": "author_channel_url",
                    "parameters": {},
                    "type": "string"
                  },
                  {
                    "comment": "",
                    "name": "author_channel_id",
                    "parameters": {},
                    "type": "string"
                  },
                  {
                    "comment": "",
                    "name": "can_rate",
                    "parameters": {},
                    "type": "boolean"
                  },
                  {
                    "comment": "",
                    "name": "viewer_rating",
                    "parameters": {},
                    "type": "string"
                  },
                  {
                    "comment": "",
                    "name": "like_count",
                    "parameters": {},
                    "type": "int"
                  },
                  {
                    "comment": "",
                    "name": "published_at",
                    "parameters": {},
                    "type": "timestamp"
                  },
                  {
                    "comment": "",
                    "name": "updated_at",
                    "parameters": {},
                    "type": "timestamp"
                  },
                  {
                    "comment": "",
                    "name": "parent_id",
                    "parameters": {},
                    "type": "string"
                  },
                  {
                    "comment": "",
                    "name": "fetched_at",
                    "parameters": {},
                    "type": "timestamp"
                  },
                  {
                    "comment": "",
                    "name": "sentiment",
                    "parameters": {},
                    "type": "string"
                  },
                  {
                    "comment": "",
                    "name": "sentiment_score_positive",
                    "parameters": {},
                    "type": "float"
                  },
                  {
                    "comment": "",
                    "name": "sentiment_score_negative",
                    "parameters": {},
                    "type": "float"
                  },
                  {
                    "comment": "",
                    "name": "sentiment_score_neutral",
                    "parameters": {},
                    "type": "float"
                  }
                ],
                "compressed": false,
                "input_format": "org.apache.hadoop.mapred.TextInputFormat",
                "location": "s3://dev-youtube-comment-sentiment-analysis/data/",
                "number_of_buckets": 0,
                "output_format": "org.apache.hadoop.hive.ql.io.HiveIgnoreKeyTextOutputFormat",
                "parameters": {},
                "schema_reference": [],
                "ser_de_info": [
                  {
                    "name": "",
                    "parameters": {},
                    "serialization_library": "org.openx.data.jsonserde.JsonSerDe"
                  }
                ],
                "skewed_info": [],
                "sort_columns": [],
                "stored_as_sub_directories": false
              }
            ],
            "table_type": "",
            "target_table": [],
            "view_expanded_text": "",
            "view_original_text": ""
          },
          "sensitive_attributes": [],
          "private": "bnVsbA==",
          "dependencies": [
            "module.glue.aws_glue_catalog_database.database",
            "module.s3.aws_s3_bucket.bucket"
          ]
        }
      ]
    },
    {
      "module": "module.lambda",
      "mode": "data",
      "type": "archive_file",
      "name": "lambda",
      "provider": "provider[\"registry.terraform.io/hashicorp/archive\"]",
      "instances": [
        {
          "schema_version": 0,
          "attributes": {
            "exclude_symlink_directories": null,
            "excludes": null,
            "id": "d59aaed420a3c486060ac0bea22bb5e832a83fdd",
            "output_base64sha256": "ECVvXNDBSefDauXblbBJZlLXjtHmcMVHuYiLmFsrhdk=",
            "output_base64sha512": "wDrn1FH4lKsC9tNY43Zt8xWpWy9sy61RVg3aiH/JoeyaG2I+BXcoUvGJ74j5j8A2tsjfE0lsr4qZn41WKiFAug==",
            "output_file_mode": null,
            "output_md5": "1163d85ca39c06c5b8afe698714eeb9b",
            "output_path": "/Users/prochet/Projects/aws-youtube-sentiment-analysis/terraform/../function/lambda.zip",
            "output_sha": "d59aaed420a3c486060ac0bea22bb5e832a83fdd",
            "output_sha256": "10256f5cd0c149e7c36ae5db95b0496652d78ed1e670c547b9888b985b2b85d9",
            "output_sha512": "c03ae7d451f894ab02f6d358e3766df315a95b2f6ccbad51560dda887fc9a1ec9a1b623e05772852f189ef88f98fc036b6c8df13496caf8a999f8d562a2140ba",
            "output_size": 20025244,
            "source": [],
            "source_content": null,
            "source_content_filename": null,
            "source_dir": "/Users/prochet/Projects/aws-youtube-sentiment-analysis/terraform/../function/.build",
            "source_file": null,
            "type": "zip"
          },
          "sensitive_attributes": []
        }
      ]
    },
    {
      "module": "module.lambda",
      "mode": "managed",
      "type": "aws_iam_role",
      "name": "lambda_role",
      "provider": "provider[\"registry.terraform.io/hashicorp/aws\"]",
      "instances": [
        {
          "schema_version": 0,
          "attributes": {
            "arn": "arn:aws:iam::639269844451:role/dev-dev-youtube-comment-sentiment-analysis-role",
            "assume_role_policy": "{\"Statement\":[{\"Action\":\"sts:AssumeRole\",\"Effect\":\"Allow\",\"Principal\":{\"Service\":\"lambda.amazonaws.com\"}}],\"Version\":\"2012-10-17\"}",
            "create_date": "2025-01-06T15:22:28Z",
            "description": "",
            "force_detach_policies": false,
            "id": "dev-dev-youtube-comment-sentiment-analysis-role",
            "inline_policy": [],
            "managed_policy_arns": [],
            "max_session_duration": 3600,
            "name": "dev-dev-youtube-comment-sentiment-analysis-role",
            "name_prefix": "",
            "path": "/",
            "permissions_boundary": "",
            "tags": {},
            "tags_all": {},
            "unique_id": "AROAZJV3TWXRZMJ725ICF"
          },
          "sensitive_attributes": [],
          "private": "bnVsbA=="
        }
      ]
    },
    {
      "module": "module.lambda",
      "mode": "managed",
      "type": "aws_lambda_function",
      "name": "function",
      "provider": "provider[\"registry.terraform.io/hashicorp/aws\"]",
      "instances": [
        {
          "schema_version": 0,
          "attributes": {
            "architectures": [
              "x86_64"
            ],
            "arn": "arn:aws:lambda:us-east-1:639269844451:function:dev-youtube-comment-sentiment-analysis",
            "code_sha256": "DRwxfARDCc/r5llz/mM3VVxPKCk8Zws9gL11i0OUqxs=",
            "code_signing_config_arn": "",
            "dead_letter_config": [],
            "description": "",
            "environment": [
              {
                "variables": {
                  "BUCKET_NAME": "dev-youtube-comment-sentiment-analysis",
                  "LOG_LEVEL": "INFO",
                  "POWERTOOLS_METRICS_NAMESPACE": "devYoutubeCommentSentimentAnalysis",
                  "POWERTOOLS_SERVICE_NAME": "devYoutubeCommentSentimentAnalysis"
                }
              }
            ],
            "ephemeral_storage": [
              {
                "size": 512
              }
            ],
            "file_system_config": [],
            "filename": "/Users/prochet/Projects/aws-youtube-sentiment-analysis/terraform/../function/lambda.zip",
            "function_name": "dev-youtube-comment-sentiment-analysis",
            "handler": "app.lambda_handler",
            "id": "dev-youtube-comment-sentiment-analysis",
            "image_config": [],
            "image_uri": "",
            "invoke_arn": "arn:aws:apigateway:us-east-1:lambda:path/2015-03-31/functions/arn:aws:lambda:us-east-1:639269844451:function:dev-youtube-comment-sentiment-analysis/invocations",
            "kms_key_arn": "",
            "last_modified": "2025-01-06T15:22:37.658+0000",
            "layers": [],
            "logging_config": [
              {
                "application_log_level": "",
                "log_format": "Text",
                "log_group": "/aws/lambda/dev-youtube-comment-sentiment-analysis",
                "system_log_level": ""
              }
            ],
            "memory_size": 128,
            "package_type": "Zip",
            "publish": false,
            "qualified_arn": "arn:aws:lambda:us-east-1:639269844451:function:dev-youtube-comment-sentiment-analysis:$LATEST",
            "qualified_invoke_arn": "arn:aws:apigateway:us-east-1:lambda:path/2015-03-31/functions/arn:aws:lambda:us-east-1:639269844451:function:dev-youtube-comment-sentiment-analysis:$LATEST/invocations",
            "replace_security_groups_on_destroy": null,
            "replacement_security_group_ids": null,
            "reserved_concurrent_executions": -1,
            "role": "arn:aws:iam::639269844451:role/dev-dev-youtube-comment-sentiment-analysis-role",
            "runtime": "python3.12",
            "s3_bucket": null,
            "s3_key": null,
            "s3_object_version": null,
            "signing_job_arn": "",
            "signing_profile_version_arn": "",
            "skip_destroy": false,
            "snap_start": [],
            "source_code_hash": "",
            "source_code_size": 20632911,
            "tags": {
              "Env": "dev",
              "Service": "YoutubeCommentSentimentAnalysis"
            },
            "tags_all": {
              "Env": "dev",
              "Service": "YoutubeCommentSentimentAnalysis"
            },
            "timeout": 300,
            "timeouts": null,
            "tracing_config": [
              {
                "mode": "PassThrough"
              }
            ],
            "version": "$LATEST",
            "vpc_config": []
          },
          "sensitive_attributes": [],
          "private": "eyJlMmJmYjczMC1lY2FhLTExZTYtOGY4OC0zNDM2M2JjN2M0YzAiOnsiY3JlYXRlIjo2MDAwMDAwMDAwMDAsImRlbGV0ZSI6NjAwMDAwMDAwMDAwLCJ1cGRhdGUiOjYwMDAwMDAwMDAwMH19",
          "dependencies": [
            "module.lambda.aws_iam_role.lambda_role",
            "module.lambda.data.archive_file.lambda",
            "module.lambda.null_resource.package_lambda",
            "module.lambda.null_resource.package_lambda_dependencies",
            "module.s3.aws_s3_bucket.bucket"
          ]
        }
      ]
    },
    {
      "module": "module.lambda",
      "mode": "managed",
      "type": "null_resource",
      "name": "package_lambda",
      "provider": "provider[\"registry.terraform.io/hashicorp/null\"]",
      "instances": [
        {
          "schema_version": 0,
          "attributes": {
            "id": "8416669600707541857",
            "triggers": null
          },
          "sensitive_attributes": []
        }
      ]
    },
    {
      "module": "module.lambda",
      "mode": "managed",
      "type": "null_resource",
      "name": "package_lambda_dependencies",
      "provider": "provider[\"registry.terraform.io/hashicorp/null\"]",
      "instances": [
        {
          "schema_version": 0,
          "attributes": {
            "id": "7524181298218986570",
            "triggers": null
          },
          "sensitive_attributes": []
        }
      ]
    },
    {
      "module": "module.s3",
      "mode": "managed",
      "type": "aws_s3_bucket",
      "name": "bucket",
      "provider": "provider[\"registry.terraform.io/hashicorp/aws\"]",
      "instances": [
        {
          "schema_version": 0,
          "attributes": {
            "acceleration_status": "",
            "acl": null,
            "arn": "arn:aws:s3:::dev-youtube-comment-sentiment-analysis",
            "bucket": "dev-youtube-comment-sentiment-analysis",
            "bucket_domain_name": "dev-youtube-comment-sentiment-analysis.s3.amazonaws.com",
            "bucket_prefix": "",
            "bucket_regional_domain_name": "dev-youtube-comment-sentiment-analysis.s3.us-east-1.amazonaws.com",
            "cors_rule": [],
            "force_destroy": false,
            "grant": [
              {
                "id": "af0cc3fdbc3b0fa0a55d9fd8a0481a2784bd4bb59800d0cc0188861b6cfac7c0",
                "permissions": [
                  "FULL_CONTROL"
                ],
                "type": "CanonicalUser",
                "uri": ""
              }
            ],
            "hosted_zone_id": "Z3AQBSTGFYJSTF",
            "id": "dev-youtube-comment-sentiment-analysis",
            "lifecycle_rule": [],
            "logging": [],
            "object_lock_configuration": [],
            "object_lock_enabled": false,
            "policy": "",
            "region": "us-east-1",
            "replication_configuration": [],
            "request_payer": "BucketOwner",
            "server_side_encryption_configuration": [
              {
                "rule": [
                  {
                    "apply_server_side_encryption_by_default": [
                      {
                        "kms_master_key_id": "",
                        "sse_algorithm": "AES256"
                      }
                    ],
                    "bucket_key_enabled": false
                  }
                ]
              }
            ],
            "tags": {
              "Env": "dev",
              "Service": "YoutubeCommentSentimentAnalysis"
            },
            "tags_all": {
              "Env": "dev",
              "Service": "YoutubeCommentSentimentAnalysis"
            },
            "timeouts": null,
            "versioning": [
              {
                "enabled": false,
                "mfa_delete": false
              }
            ],
            "website": [],
            "website_domain": null,
            "website_endpoint": null
          },
          "sensitive_attributes": [],
          "private": "eyJlMmJmYjczMC1lY2FhLTExZTYtOGY4OC0zNDM2M2JjN2M0YzAiOnsiY3JlYXRlIjoxMjAwMDAwMDAwMDAwLCJkZWxldGUiOjM2MDAwMDAwMDAwMDAsInJlYWQiOjEyMDAwMDAwMDAwMDAsInVwZGF0ZSI6MTIwMDAwMDAwMDAwMH19"
        }
      ]
    }
  ],
  "check_results": [
    {
      "object_kind": "var",
      "config_addr": "var.env",
      "status": "pass",
      "objects": [
        {
          "object_addr": "var.env",
          "status": "pass"
        }
      ]
    }
  ]
}
